// !$*UTF8*$!
{
	archiveVersion = 1;
	classes = {
	};
	objectVersion = 46;
	objects = {

/* Begin PBXBuildFile section */
		4c28727dd10388bce2e127c06342e872 /* ofxLibRocketDocument.cpp in Sources */ = {isa = PBXBuildFile; fileRef = 048ca4c334a47cfeea7ffbb4a85f5c3e /* ofxLibRocketDocument.cpp */; };
		53cdf5763fd51f35ea70cb0b0b217252 /* ofxLibRocketRenderInterface.cpp in Sources */ = {isa = PBXBuildFile; fileRef = f0e4cf2f0940af2c62089692e850c199 /* ofxLibRocketRenderInterface.cpp */; };
		986f7ce3b4bea710cd221d5bf3c9dbe2 /* ofxlibrocketslider2d.cpp in Sources */ = {isa = PBXBuildFile; fileRef = 454028fa20a0b9687683d7d547e3a67e /* ofxlibrocketslider2d.cpp */; };
		9889706bf3bcec53ab10b50591bcd59d /* ofxLibRocket.cpp in Sources */ = {isa = PBXBuildFile; fileRef = 058c115ede2bb32c6e58cb332783f1da /* ofxLibRocket.cpp */; };
		BBAB23CB13894F3D00AA2426 /* GLUT.framework in CopyFiles */ = {isa = PBXBuildFile; fileRef = BBAB23BE13894E4700AA2426 /* GLUT.framework */; };
		E4328149138ABC9F0047C5CB /* openFrameworksDebug.a in Frameworks */ = {isa = PBXBuildFile; fileRef = E4328148138ABC890047C5CB /* openFrameworksDebug.a */; };
		E45BE97B0E8CC7DD009D7055 /* AGL.framework in Frameworks */ = {isa = PBXBuildFile; fileRef = E45BE9710E8CC7DD009D7055 /* AGL.framework */; };
		E45BE97C0E8CC7DD009D7055 /* ApplicationServices.framework in Frameworks */ = {isa = PBXBuildFile; fileRef = E45BE9720E8CC7DD009D7055 /* ApplicationServices.framework */; };
		E45BE97D0E8CC7DD009D7055 /* AudioToolbox.framework in Frameworks */ = {isa = PBXBuildFile; fileRef = E45BE9730E8CC7DD009D7055 /* AudioToolbox.framework */; };
		E45BE97E0E8CC7DD009D7055 /* Carbon.framework in Frameworks */ = {isa = PBXBuildFile; fileRef = E45BE9740E8CC7DD009D7055 /* Carbon.framework */; };
		E45BE97F0E8CC7DD009D7055 /* CoreAudio.framework in Frameworks */ = {isa = PBXBuildFile; fileRef = E45BE9750E8CC7DD009D7055 /* CoreAudio.framework */; };
		E45BE9800E8CC7DD009D7055 /* CoreFoundation.framework in Frameworks */ = {isa = PBXBuildFile; fileRef = E45BE9760E8CC7DD009D7055 /* CoreFoundation.framework */; };
		E45BE9810E8CC7DD009D7055 /* CoreServices.framework in Frameworks */ = {isa = PBXBuildFile; fileRef = E45BE9770E8CC7DD009D7055 /* CoreServices.framework */; };
		E45BE9830E8CC7DD009D7055 /* OpenGL.framework in Frameworks */ = {isa = PBXBuildFile; fileRef = E45BE9790E8CC7DD009D7055 /* OpenGL.framework */; };
		E45BE9840E8CC7DD009D7055 /* QuickTime.framework in Frameworks */ = {isa = PBXBuildFile; fileRef = E45BE97A0E8CC7DD009D7055 /* QuickTime.framework */; };
		E4B69E200A3A1BDC003C02F2 /* main.cpp in Sources */ = {isa = PBXBuildFile; fileRef = E4B69E1D0A3A1BDC003C02F2 /* main.cpp */; };
		E4B69E210A3A1BDC003C02F2 /* testApp.cpp in Sources */ = {isa = PBXBuildFile; fileRef = E4B69E1E0A3A1BDC003C02F2 /* testApp.cpp */; };
		E4C2424710CC5A17004149E2 /* AppKit.framework in Frameworks */ = {isa = PBXBuildFile; fileRef = E4C2424410CC5A17004149E2 /* AppKit.framework */; };
		E4C2424810CC5A17004149E2 /* Cocoa.framework in Frameworks */ = {isa = PBXBuildFile; fileRef = E4C2424510CC5A17004149E2 /* Cocoa.framework */; };
		E4C2424910CC5A17004149E2 /* IOKit.framework in Frameworks */ = {isa = PBXBuildFile; fileRef = E4C2424610CC5A17004149E2 /* IOKit.framework */; };
		E4EB6799138ADC1D00A09F29 /* GLUT.framework in Frameworks */ = {isa = PBXBuildFile; fileRef = BBAB23BE13894E4700AA2426 /* GLUT.framework */; };
		E7E077E515D3B63C0020DFD4 /* CoreVideo.framework in Frameworks */ = {isa = PBXBuildFile; fileRef = E7E077E415D3B63C0020DFD4 /* CoreVideo.framework */; };
		E7E077E815D3B6510020DFD4 /* QTKit.framework in Frameworks */ = {isa = PBXBuildFile; fileRef = E7E077E715D3B6510020DFD4 /* QTKit.framework */; };
		E7F985F815E0DEA3003869B5 /* Accelerate.framework in Frameworks */ = {isa = PBXBuildFile; fileRef = E7F985F515E0DE99003869B5 /* Accelerate.framework */; };
		b04177e65349c2044fe54b8c4ac600d6 /* ofxLibRocketSystemInterface.cpp in Sources */ = {isa = PBXBuildFile; fileRef = ee2eec7d703969f4ae64baff0cc7e93a /* ofxLibRocketSystemInterface.cpp */; };
		c0815c5b5b12f0728d6af00111bdaa75 /* ofxLibRocketElement.cpp in Sources */ = {isa = PBXBuildFile; fileRef = f09913d627753bc0fa09d780f1683ad4 /* ofxLibRocketElement.cpp */; };
		c46153a3a2f0ad509a55be68eb3fbfb4 /* ofxLibRocketControls.cpp in Sources */ = {isa = PBXBuildFile; fileRef = 00bb50d0ccfe0c8473cf604d86ef87ec /* ofxLibRocketControls.cpp */; };
		d24fb71809f0829e409e4cc80878f2c3 /* ofxLibRocketCustomElement.cpp in Sources */ = {isa = PBXBuildFile; fileRef = 74e72f55a9b7af237d01e40f6d678408 /* ofxLibRocketCustomElement.cpp */; };
/* End PBXBuildFile section */

/* Begin PBXContainerItemProxy section */
		E4328147138ABC890047C5CB /* PBXContainerItemProxy */ = {
			isa = PBXContainerItemProxy;
			containerPortal = E4328143138ABC890047C5CB /* openFrameworksLib.xcodeproj */;
			proxyType = 2;
			remoteGlobalIDString = E4B27C1510CBEB8E00536013;
			remoteInfo = openFrameworks;
		};
		E4EEB9AB138B136A00A80321 /* PBXContainerItemProxy */ = {
			isa = PBXContainerItemProxy;
			containerPortal = E4328143138ABC890047C5CB /* openFrameworksLib.xcodeproj */;
			proxyType = 1;
			remoteGlobalIDString = E4B27C1410CBEB8E00536013;
			remoteInfo = openFrameworks;
		};
/* End PBXContainerItemProxy section */

/* Begin PBXCopyFilesBuildPhase section */
		E4C2427710CC5ABF004149E2 /* CopyFiles */ = {
			isa = PBXCopyFilesBuildPhase;
			buildActionMask = 2147483647;
			dstPath = "";
			dstSubfolderSpec = 10;
			files = (
				BBAB23CB13894F3D00AA2426 /* GLUT.framework in CopyFiles */,
			);
			runOnlyForDeploymentPostprocessing = 0;
		};
/* End PBXCopyFilesBuildPhase section */

/* Begin PBXFileReference section */
		00bb50d0ccfe0c8473cf604d86ef87ec /* ofxLibRocketControls.cpp */ = {isa = PBXFileReference; explicitFileType = sourcecode.cpp.cpp; fileEncoding = 30; name = ofxLibRocketControls.cpp; path = ../../../addons/ofxLibRocket/src/controls/ofxLibRocketControls.cpp; sourceTree = SOURCE_ROOT; };
		048ca4c334a47cfeea7ffbb4a85f5c3e /* ofxLibRocketDocument.cpp */ = {isa = PBXFileReference; explicitFileType = sourcecode.cpp.cpp; fileEncoding = 30; name = ofxLibRocketDocument.cpp; path = ../../../addons/ofxLibRocket/src/ofxLibRocketDocument.cpp; sourceTree = SOURCE_ROOT; };
		058c115ede2bb32c6e58cb332783f1da /* ofxLibRocket.cpp */ = {isa = PBXFileReference; explicitFileType = sourcecode.cpp.cpp; fileEncoding = 30; name = ofxLibRocket.cpp; path = ../../../addons/ofxLibRocket/src/ofxLibRocket.cpp; sourceTree = SOURCE_ROOT; };
		0978561f8da86b92f5781a2c5966c26f /* Header.h */ = {isa = PBXFileReference; explicitFileType = sourcecode.c.h; fileEncoding = 30; name = Header.h; path = ../../../addons/ofxLibRocket/libs/libRocket/include/Rocket/Core/Header.h; sourceTree = SOURCE_ROOT; };
		0ba801d79b0983bd6e23ca5ae3709621 /* Plugin.h */ = {isa = PBXFileReference; explicitFileType = sourcecode.c.h; fileEncoding = 30; name = Plugin.h; path = ../../../addons/ofxLibRocket/libs/libRocket/include/Rocket/Core/Plugin.h; sourceTree = SOURCE_ROOT; };
		0c981fb4490f07d968e17e041a5698f0 /* ofxlibrocketslider2d.h */ = {isa = PBXFileReference; explicitFileType = sourcecode.c.h; fileEncoding = 30; name = ofxlibrocketslider2d.h; path = ../../../addons/ofxLibRocket/src/controls/ofxlibrocketslider2d.h; sourceTree = SOURCE_ROOT; };
		0ec976ac93ed333b2a774b2a4d5a3821 /* Stream.h */ = {isa = PBXFileReference; explicitFileType = sourcecode.c.h; fileEncoding = 30; name = Stream.h; path = ../../../addons/ofxLibRocket/libs/libRocket/include/Rocket/Core/Stream.h; sourceTree = SOURCE_ROOT; };
		101d15bacea9e2c52d84a036390922da /* Property.h */ = {isa = PBXFileReference; explicitFileType = sourcecode.c.h; fileEncoding = 30; name = Property.h; path = ../../../addons/ofxLibRocket/libs/libRocket/include/Rocket/Core/Property.h; sourceTree = SOURCE_ROOT; };
		17562c8e4e9643a2e3c63123bdc8d1de /* ElementForm.h */ = {isa = PBXFileReference; explicitFileType = sourcecode.c.h; fileEncoding = 30; name = ElementForm.h; path = ../../../addons/ofxLibRocket/libs/libRocket/include/Rocket/Controls/ElementForm.h; sourceTree = SOURCE_ROOT; };
		1a2683db0b5c00d095fc633ef600e789 /* FontEffectInstancer.h */ = {isa = PBXFileReference; explicitFileType = sourcecode.c.h; fileEncoding = 30; name = FontEffectInstancer.h; path = ../../../addons/ofxLibRocket/libs/libRocket/include/Rocket/Core/FontEffectInstancer.h; sourceTree = SOURCE_ROOT; };
		1a92a03a964882371e1472eaeefb107b /* ofxLibRocketDocument.h */ = {isa = PBXFileReference; explicitFileType = sourcecode.c.h; fileEncoding = 30; name = ofxLibRocketDocument.h; path = ../../../addons/ofxLibRocket/src/ofxLibRocketDocument.h; sourceTree = SOURCE_ROOT; };
		2153dcebe2514e6eba6d3796cb129f07 /* MathTypes.h */ = {isa = PBXFileReference; explicitFileType = sourcecode.c.h; fileEncoding = 30; name = MathTypes.h; path = ../../../addons/ofxLibRocket/libs/libRocket/include/Rocket/Core/MathTypes.h; sourceTree = SOURCE_ROOT; };
		22a6f35be81327c68c547254a0a75ee3 /* Header.h */ = {isa = PBXFileReference; explicitFileType = sourcecode.c.h; fileEncoding = 30; name = Header.h; path = ../../../addons/ofxLibRocket/libs/libRocket/include/Rocket/Debugger/Header.h; sourceTree = SOURCE_ROOT; };
		23d40e0f5ef74c21c87210401733cf55 /* StringBase.h */ = {isa = PBXFileReference; explicitFileType = sourcecode.c.h; fileEncoding = 30; name = StringBase.h; path = ../../../addons/ofxLibRocket/libs/libRocket/include/Rocket/Core/StringBase.h; sourceTree = SOURCE_ROOT; };
		25b3ee0955db428ece92fd1c1d3d0e7f /* ElementDataGridExpandButton.h */ = {isa = PBXFileReference; explicitFileType = sourcecode.c.h; fileEncoding = 30; name = ElementDataGridExpandButton.h; path = ../../../addons/ofxLibRocket/libs/libRocket/include/Rocket/Controls/ElementDataGridExpandButton.h; sourceTree = SOURCE_ROOT; };
		268b786bc42fa4ad5ab5b1aea656833b /* ElementScroll.h */ = {isa = PBXFileReference; explicitFileType = sourcecode.c.h; fileEncoding = 30; name = ElementScroll.h; path = ../../../addons/ofxLibRocket/libs/libRocket/include/Rocket/Core/ElementScroll.h; sourceTree = SOURCE_ROOT; };
		27c2700b21aa9f1cfdd0feb3667ce7d1 /* ofxLibRocketEvents.h */ = {isa = PBXFileReference; explicitFileType = sourcecode.c.h; fileEncoding = 30; name = ofxLibRocketEvents.h; path = ../../../addons/ofxLibRocket/src/ofxLibRocketEvents.h; sourceTree = SOURCE_ROOT; };
		280dada7626182d89941afc75f607671 /* String.h */ = {isa = PBXFileReference; explicitFileType = sourcecode.c.h; fileEncoding = 30; name = String.h; path = ../../../addons/ofxLibRocket/libs/libRocket/include/Rocket/Core/String.h; sourceTree = SOURCE_ROOT; };
		295aa6e62ca55ad8f5023c8752a811c7 /* URL.h */ = {isa = PBXFileReference; explicitFileType = sourcecode.c.h; fileEncoding = 30; name = URL.h; path = ../../../addons/ofxLibRocket/libs/libRocket/include/Rocket/Core/URL.h; sourceTree = SOURCE_ROOT; };
		29b2b4c59c446cb22cdb0ceff9e8e53b /* Log.h */ = {isa = PBXFileReference; explicitFileType = sourcecode.c.h; fileEncoding = 30; name = Log.h; path = ../../../addons/ofxLibRocket/libs/libRocket/include/Rocket/Core/Log.h; sourceTree = SOURCE_ROOT; };
		2d667d72ecf142b8ae4013bee458c17c /* FontDatabase.h */ = {isa = PBXFileReference; explicitFileType = sourcecode.c.h; fileEncoding = 30; name = FontDatabase.h; path = ../../../addons/ofxLibRocket/libs/libRocket/include/Rocket/Core/FontDatabase.h; sourceTree = SOURCE_ROOT; };
		2e3611a6f868eaf72a61476b71167d09 /* StyleSheet.h */ = {isa = PBXFileReference; explicitFileType = sourcecode.c.h; fileEncoding = 30; name = StyleSheet.h; path = ../../../addons/ofxLibRocket/libs/libRocket/include/Rocket/Core/StyleSheet.h; sourceTree = SOURCE_ROOT; };
		30333570867e0177cd6b4c598610ec7d /* ElementText.h */ = {isa = PBXFileReference; explicitFileType = sourcecode.c.h; fileEncoding = 30; name = ElementText.h; path = ../../../addons/ofxLibRocket/libs/libRocket/include/Rocket/Core/ElementText.h; sourceTree = SOURCE_ROOT; };
		335668860586ddb14275e07ae3bec7dd /* RenderInterface.h */ = {isa = PBXFileReference; explicitFileType = sourcecode.c.h; fileEncoding = 30; name = RenderInterface.h; path = ../../../addons/ofxLibRocket/libs/libRocket/include/Rocket/Core/RenderInterface.h; sourceTree = SOURCE_ROOT; };
		36075f199ddb1fd6e313f2879efb1403 /* StreamMemory.h */ = {isa = PBXFileReference; explicitFileType = sourcecode.c.h; fileEncoding = 30; name = StreamMemory.h; path = ../../../addons/ofxLibRocket/libs/libRocket/include/Rocket/Core/StreamMemory.h; sourceTree = SOURCE_ROOT; };
		37e311cb27a34a6beb8a1ab507464961 /* Header.h */ = {isa = PBXFileReference; explicitFileType = sourcecode.c.h; fileEncoding = 30; name = Header.h; path = ../../../addons/ofxLibRocket/libs/libRocket/include/Rocket/Controls/Header.h; sourceTree = SOURCE_ROOT; };
		3aaa3fd89d895c923614d27e3297ab53 /* XMLParser.h */ = {isa = PBXFileReference; explicitFileType = sourcecode.c.h; fileEncoding = 30; name = XMLParser.h; path = ../../../addons/ofxLibRocket/libs/libRocket/include/Rocket/Core/XMLParser.h; sourceTree = SOURCE_ROOT; };
		3c172c2b41a8397e95289bd44c152ea1 /* ElementDocument.h */ = {isa = PBXFileReference; explicitFileType = sourcecode.c.h; fileEncoding = 30; name = ElementDocument.h; path = ../../../addons/ofxLibRocket/libs/libRocket/include/Rocket/Core/ElementDocument.h; sourceTree = SOURCE_ROOT; };
		3f8a59f2e2b1d8412df4c44b7a98583c /* ElementInstancerGeneric.h */ = {isa = PBXFileReference; explicitFileType = sourcecode.c.h; fileEncoding = 30; name = ElementInstancerGeneric.h; path = ../../../addons/ofxLibRocket/libs/libRocket/include/Rocket/Core/ElementInstancerGeneric.h; sourceTree = SOURCE_ROOT; };
		40b82cdf2474ec10db43e680edfee144 /* ElementFormControlSelect.h */ = {isa = PBXFileReference; explicitFileType = sourcecode.c.h; fileEncoding = 30; name = ElementFormControlSelect.h; path = ../../../addons/ofxLibRocket/libs/libRocket/include/Rocket/Controls/ElementFormControlSelect.h; sourceTree = SOURCE_ROOT; };
		426f4707c21adb5cc05454011ef3c272 /* ElementFormControlInput.h */ = {isa = PBXFileReference; explicitFileType = sourcecode.c.h; fileEncoding = 30; name = ElementFormControlInput.h; path = ../../../addons/ofxLibRocket/libs/libRocket/include/Rocket/Controls/ElementFormControlInput.h; sourceTree = SOURCE_ROOT; };
		454028fa20a0b9687683d7d547e3a67e /* ofxlibrocketslider2d.cpp */ = {isa = PBXFileReference; explicitFileType = sourcecode.cpp.cpp; fileEncoding = 30; name = ofxlibrocketslider2d.cpp; path = ../../../addons/ofxLibRocket/src/controls/ofxlibrocketslider2d.cpp; sourceTree = SOURCE_ROOT; };
		4554d3e6bc76ba07cde301f98f39ee11 /* TypeConverter.h */ = {isa = PBXFileReference; explicitFileType = sourcecode.c.h; fileEncoding = 30; name = TypeConverter.h; path = ../../../addons/ofxLibRocket/libs/libRocket/include/Rocket/Core/TypeConverter.h; sourceTree = SOURCE_ROOT; };
		4fafea1001a5bbc0ffe80f8bbbd54efd /* FontGlyph.h */ = {isa = PBXFileReference; explicitFileType = sourcecode.c.h; fileEncoding = 30; name = FontGlyph.h; path = ../../../addons/ofxLibRocket/libs/libRocket/include/Rocket/Core/FontGlyph.h; sourceTree = SOURCE_ROOT; };
		521b273228c39b4eb1a9a8429bec8862 /* SystemInterface.h */ = {isa = PBXFileReference; explicitFileType = sourcecode.c.h; fileEncoding = 30; name = SystemInterface.h; path = ../../../addons/ofxLibRocket/libs/libRocket/include/Rocket/Core/SystemInterface.h; sourceTree = SOURCE_ROOT; };
		52b106fcde16af45cdaeb4fd247685e3 /* WString.h */ = {isa = PBXFileReference; explicitFileType = sourcecode.c.h; fileEncoding = 30; name = WString.h; path = ../../../addons/ofxLibRocket/libs/libRocket/include/Rocket/Core/WString.h; sourceTree = SOURCE_ROOT; };
		560b0f8b7e671948ff8afdddcbda053e /* Controls.h */ = {isa = PBXFileReference; explicitFileType = sourcecode.c.h; fileEncoding = 30; name = Controls.h; path = ../../../addons/ofxLibRocket/libs/libRocket/include/Rocket/Controls/Controls.h; sourceTree = SOURCE_ROOT; };
		5787827e03182e6ffffe01ef3211cf6a /* Controls.h */ = {isa = PBXFileReference; explicitFileType = sourcecode.c.h; fileEncoding = 30; name = Controls.h; path = ../../../addons/ofxLibRocket/libs/libRocket/include/Rocket/Controls.h; sourceTree = SOURCE_ROOT; };
		5836e868b645c45b9afebf9f2943b77e /* SelectOption.h */ = {isa = PBXFileReference; explicitFileType = sourcecode.c.h; fileEncoding = 30; name = SelectOption.h; path = ../../../addons/ofxLibRocket/libs/libRocket/include/Rocket/Controls/SelectOption.h; sourceTree = SOURCE_ROOT; };
		586864e67615dfdeb6cfbd6318090ea7 /* Texture.h */ = {isa = PBXFileReference; explicitFileType = sourcecode.c.h; fileEncoding = 30; name = Texture.h; path = ../../../addons/ofxLibRocket/libs/libRocket/include/Rocket/Core/Texture.h; sourceTree = SOURCE_ROOT; };
		5cef0c980809525ddb6c9f256330d096 /* Debugger.h */ = {isa = PBXFileReference; explicitFileType = sourcecode.c.h; fileEncoding = 30; name = Debugger.h; path = ../../../addons/ofxLibRocket/libs/libRocket/include/Rocket/Debugger/Debugger.h; sourceTree = SOURCE_ROOT; };
		60765b598ab97df3e725804727c49a2b /* ElementDataGridRow.h */ = {isa = PBXFileReference; explicitFileType = sourcecode.c.h; fileEncoding = 30; name = ElementDataGridRow.h; path = ../../../addons/ofxLibRocket/libs/libRocket/include/Rocket/Controls/ElementDataGridRow.h; sourceTree = SOURCE_ROOT; };
		67f55488eff4556b36dc383a5c13e2b3 /* ElementFormControl.h */ = {isa = PBXFileReference; explicitFileType = sourcecode.c.h; fileEncoding = 30; name = ElementFormControl.h; path = ../../../addons/ofxLibRocket/libs/libRocket/include/Rocket/Controls/ElementFormControl.h; sourceTree = SOURCE_ROOT; };
		6964eca8f63457862aa02921997a58a2 /* ElementTabSet.h */ = {isa = PBXFileReference; explicitFileType = sourcecode.c.h; fileEncoding = 30; name = ElementTabSet.h; path = ../../../addons/ofxLibRocket/libs/libRocket/include/Rocket/Controls/ElementTabSet.h; sourceTree = SOURCE_ROOT; };
		6a62aaaad3be9b28f7eddfa72b19bff9 /* Core.h */ = {isa = PBXFileReference; explicitFileType = sourcecode.c.h; fileEncoding = 30; name = Core.h; path = ../../../addons/ofxLibRocket/libs/libRocket/include/Rocket/Core/Core.h; sourceTree = SOURCE_ROOT; };
		6f33d2fa96ac4de795d01b622c042177 /* EventInstancer.h */ = {isa = PBXFileReference; explicitFileType = sourcecode.c.h; fileEncoding = 30; name = EventInstancer.h; path = ../../../addons/ofxLibRocket/libs/libRocket/include/Rocket/Core/EventInstancer.h; sourceTree = SOURCE_ROOT; };
		705f4bd3cf0cf3b38d380561e828bdd9 /* ReferenceCountable.h */ = {isa = PBXFileReference; explicitFileType = sourcecode.c.h; fileEncoding = 30; name = ReferenceCountable.h; path = ../../../addons/ofxLibRocket/libs/libRocket/include/Rocket/Core/ReferenceCountable.h; sourceTree = SOURCE_ROOT; };
		717493ba5de53e246cdc4f800e7b4b22 /* Vector2.h */ = {isa = PBXFileReference; explicitFileType = sourcecode.c.h; fileEncoding = 30; name = Vector2.h; path = ../../../addons/ofxLibRocket/libs/libRocket/include/Rocket/Core/Vector2.h; sourceTree = SOURCE_ROOT; };
		7196adf14533243638aa6730e5e39d7f /* ElementReference.h */ = {isa = PBXFileReference; explicitFileType = sourcecode.c.h; fileEncoding = 30; name = ElementReference.h; path = ../../../addons/ofxLibRocket/libs/libRocket/include/Rocket/Core/ElementReference.h; sourceTree = SOURCE_ROOT; };
		7394bf855c70e62dd17ce91a3f9f6423 /* Core.h */ = {isa = PBXFileReference; explicitFileType = sourcecode.c.h; fileEncoding = 30; name = Core.h; path = ../../../addons/ofxLibRocket/libs/libRocket/include/Rocket/Core.h; sourceTree = SOURCE_ROOT; };
		73ca30e7cd91770ddc18efe5a3a6e9d0 /* ElementUtilities.h */ = {isa = PBXFileReference; explicitFileType = sourcecode.c.h; fileEncoding = 30; name = ElementUtilities.h; path = ../../../addons/ofxLibRocket/libs/libRocket/include/Rocket/Core/ElementUtilities.h; sourceTree = SOURCE_ROOT; };
		74e72f55a9b7af237d01e40f6d678408 /* ofxLibRocketCustomElement.cpp */ = {isa = PBXFileReference; explicitFileType = sourcecode.cpp.cpp; fileEncoding = 30; name = ofxLibRocketCustomElement.cpp; path = ../../../addons/ofxLibRocket/src/ofxLibRocketCustomElement.cpp; sourceTree = SOURCE_ROOT; };
		75da3022d7c09e7b1f124ec94a8e95e6 /* ConvolutionFilter.h */ = {isa = PBXFileReference; explicitFileType = sourcecode.c.h; fileEncoding = 30; name = ConvolutionFilter.h; path = ../../../addons/ofxLibRocket/libs/libRocket/include/Rocket/Core/ConvolutionFilter.h; sourceTree = SOURCE_ROOT; };
		770887b3e98ae399d13375f1e2a0d4cf /* StringUtilities.h */ = {isa = PBXFileReference; explicitFileType = sourcecode.c.h; fileEncoding = 30; name = StringUtilities.h; path = ../../../addons/ofxLibRocket/libs/libRocket/include/Rocket/Core/StringUtilities.h; sourceTree = SOURCE_ROOT; };
		7723c761156feb639aac79168782c4a2 /* Event.h */ = {isa = PBXFileReference; explicitFileType = sourcecode.c.h; fileEncoding = 30; name = Event.h; path = ../../../addons/ofxLibRocket/libs/libRocket/include/Rocket/Core/Event.h; sourceTree = SOURCE_ROOT; };
		78416efd07f0da079d96ec1de77e6a83 /* ScriptInterface.h */ = {isa = PBXFileReference; explicitFileType = sourcecode.c.h; fileEncoding = 30; name = ScriptInterface.h; path = ../../../addons/ofxLibRocket/libs/libRocket/include/Rocket/Core/ScriptInterface.h; sourceTree = SOURCE_ROOT; };
		7925776b66a90b8ffea611969819aa17 /* Debug.h */ = {isa = PBXFileReference; explicitFileType = sourcecode.c.h; fileEncoding = 30; name = Debug.h; path = ../../../addons/ofxLibRocket/libs/libRocket/include/Rocket/Core/Debug.h; sourceTree = SOURCE_ROOT; };
		7ee3dc68b8cfff30e6c60a35de7b54e7 /* FileInterface.h */ = {isa = PBXFileReference; explicitFileType = sourcecode.c.h; fileEncoding = 30; name = FileInterface.h; path = ../../../addons/ofxLibRocket/libs/libRocket/include/Rocket/Core/FileInterface.h; sourceTree = SOURCE_ROOT; };
		85098f289dc7e2c55d89e396dc5d20cd /* Geometry.h */ = {isa = PBXFileReference; explicitFileType = sourcecode.c.h; fileEncoding = 30; name = Geometry.h; path = ../../../addons/ofxLibRocket/libs/libRocket/include/Rocket/Core/Geometry.h; sourceTree = SOURCE_ROOT; };
		85673ed3dab7f60160a1b71aac89d8f9 /* GeometryUtilities.h */ = {isa = PBXFileReference; explicitFileType = sourcecode.c.h; fileEncoding = 30; name = GeometryUtilities.h; path = ../../../addons/ofxLibRocket/libs/libRocket/include/Rocket/Core/GeometryUtilities.h; sourceTree = SOURCE_ROOT; };
		882630ae5d8f4e153f5adedec78ed013 /* ElementInstancer.h */ = {isa = PBXFileReference; explicitFileType = sourcecode.c.h; fileEncoding = 30; name = ElementInstancer.h; path = ../../../addons/ofxLibRocket/libs/libRocket/include/Rocket/Core/ElementInstancer.h; sourceTree = SOURCE_ROOT; };
		8c33e721762f4f6cce28097381a9fe48 /* EventListenerInstancer.h */ = {isa = PBXFileReference; explicitFileType = sourcecode.c.h; fileEncoding = 30; name = EventListenerInstancer.h; path = ../../../addons/ofxLibRocket/libs/libRocket/include/Rocket/Core/EventListenerInstancer.h; sourceTree = SOURCE_ROOT; };
		8f62555baea52a82b299b5a284c35ff1 /* PropertyDictionary.h */ = {isa = PBXFileReference; explicitFileType = sourcecode.c.h; fileEncoding = 30; name = PropertyDictionary.h; path = ../../../addons/ofxLibRocket/libs/libRocket/include/Rocket/Core/PropertyDictionary.h; sourceTree = SOURCE_ROOT; };
		8fca523b6c8faa2af367c80ed2363941 /* Colour.h */ = {isa = PBXFileReference; explicitFileType = sourcecode.c.h; fileEncoding = 30; name = Colour.h; path = ../../../addons/ofxLibRocket/libs/libRocket/include/Rocket/Core/Colour.h; sourceTree = SOURCE_ROOT; };
		95821c7de4f98d13e083ef666bffc556 /* Clipboard.h */ = {isa = PBXFileReference; explicitFileType = sourcecode.c.h; fileEncoding = 30; name = Clipboard.h; path = ../../../addons/ofxLibRocket/libs/libRocket/include/Rocket/Controls/Clipboard.h; sourceTree = SOURCE_ROOT; };
		984b5ac6056d1ab98d4e2be837740b4b /* Input.h */ = {isa = PBXFileReference; explicitFileType = sourcecode.c.h; fileEncoding = 30; name = Input.h; path = ../../../addons/ofxLibRocket/libs/libRocket/include/Rocket/Core/Input.h; sourceTree = SOURCE_ROOT; };
		9a21d6a8a16ca670c3d4b26bfbffaec9 /* DataSource.h */ = {isa = PBXFileReference; explicitFileType = sourcecode.c.h; fileEncoding = 30; name = DataSource.h; path = ../../../addons/ofxLibRocket/libs/libRocket/include/Rocket/Controls/DataSource.h; sourceTree = SOURCE_ROOT; };
		9aace289b1d61a6a976628ca4257d3ed /* Types.h */ = {isa = PBXFileReference; explicitFileType = sourcecode.c.h; fileEncoding = 30; name = Types.h; path = ../../../addons/ofxLibRocket/libs/libRocket/include/Rocket/Core/Types.h; sourceTree = SOURCE_ROOT; };
		BBAB23BE13894E4700AA2426 /* GLUT.framework */ = {isa = PBXFileReference; lastKnownFileType = wrapper.framework; name = GLUT.framework; path = ../../../libs/glut/lib/osx/GLUT.framework; sourceTree = "<group>"; };
		E4328143138ABC890047C5CB /* openFrameworksLib.xcodeproj */ = {isa = PBXFileReference; lastKnownFileType = "wrapper.pb-project"; name = openFrameworksLib.xcodeproj; path = ../../../libs/openFrameworksCompiled/project/osx/openFrameworksLib.xcodeproj; sourceTree = SOURCE_ROOT; };
		E45BE9710E8CC7DD009D7055 /* AGL.framework */ = {isa = PBXFileReference; lastKnownFileType = wrapper.framework; name = AGL.framework; path = /System/Library/Frameworks/AGL.framework; sourceTree = "<absolute>"; };
		E45BE9720E8CC7DD009D7055 /* ApplicationServices.framework */ = {isa = PBXFileReference; lastKnownFileType = wrapper.framework; name = ApplicationServices.framework; path = /System/Library/Frameworks/ApplicationServices.framework; sourceTree = "<absolute>"; };
		E45BE9730E8CC7DD009D7055 /* AudioToolbox.framework */ = {isa = PBXFileReference; lastKnownFileType = wrapper.framework; name = AudioToolbox.framework; path = /System/Library/Frameworks/AudioToolbox.framework; sourceTree = "<absolute>"; };
		E45BE9740E8CC7DD009D7055 /* Carbon.framework */ = {isa = PBXFileReference; lastKnownFileType = wrapper.framework; name = Carbon.framework; path = /System/Library/Frameworks/Carbon.framework; sourceTree = "<absolute>"; };
		E45BE9750E8CC7DD009D7055 /* CoreAudio.framework */ = {isa = PBXFileReference; lastKnownFileType = wrapper.framework; name = CoreAudio.framework; path = /System/Library/Frameworks/CoreAudio.framework; sourceTree = "<absolute>"; };
		E45BE9760E8CC7DD009D7055 /* CoreFoundation.framework */ = {isa = PBXFileReference; lastKnownFileType = wrapper.framework; name = CoreFoundation.framework; path = /System/Library/Frameworks/CoreFoundation.framework; sourceTree = "<absolute>"; };
		E45BE9770E8CC7DD009D7055 /* CoreServices.framework */ = {isa = PBXFileReference; lastKnownFileType = wrapper.framework; name = CoreServices.framework; path = /System/Library/Frameworks/CoreServices.framework; sourceTree = "<absolute>"; };
		E45BE9790E8CC7DD009D7055 /* OpenGL.framework */ = {isa = PBXFileReference; lastKnownFileType = wrapper.framework; name = OpenGL.framework; path = /System/Library/Frameworks/OpenGL.framework; sourceTree = "<absolute>"; };
		E45BE97A0E8CC7DD009D7055 /* QuickTime.framework */ = {isa = PBXFileReference; lastKnownFileType = wrapper.framework; name = QuickTime.framework; path = /System/Library/Frameworks/QuickTime.framework; sourceTree = "<absolute>"; };
		E4B69B5B0A3A1756003C02F2 /* ofxLibRocketExampleDebug.app */ = {isa = PBXFileReference; explicitFileType = wrapper.application; includeInIndex = 0; path = ofxLibRocketExampleDebug.app; sourceTree = BUILT_PRODUCTS_DIR; };
		E4B69E1D0A3A1BDC003C02F2 /* main.cpp */ = {isa = PBXFileReference; fileEncoding = 30; lastKnownFileType = sourcecode.cpp.cpp; name = main.cpp; path = src/main.cpp; sourceTree = SOURCE_ROOT; };
		E4B69E1E0A3A1BDC003C02F2 /* testApp.cpp */ = {isa = PBXFileReference; explicitFileType = sourcecode.cpp.cpp; fileEncoding = 30; name = testApp.cpp; path = src/testApp.cpp; sourceTree = SOURCE_ROOT; };
		E4B69E1F0A3A1BDC003C02F2 /* testApp.h */ = {isa = PBXFileReference; fileEncoding = 30; lastKnownFileType = sourcecode.c.h; name = testApp.h; path = src/testApp.h; sourceTree = SOURCE_ROOT; };
		E4B6FCAD0C3E899E008CF71C /* openFrameworks-Info.plist */ = {isa = PBXFileReference; fileEncoding = 30; lastKnownFileType = text.plist.xml; path = "openFrameworks-Info.plist"; sourceTree = "<group>"; };
		E4C2424410CC5A17004149E2 /* AppKit.framework */ = {isa = PBXFileReference; lastKnownFileType = wrapper.framework; name = AppKit.framework; path = /System/Library/Frameworks/AppKit.framework; sourceTree = "<absolute>"; };
		E4C2424510CC5A17004149E2 /* Cocoa.framework */ = {isa = PBXFileReference; lastKnownFileType = wrapper.framework; name = Cocoa.framework; path = /System/Library/Frameworks/Cocoa.framework; sourceTree = "<absolute>"; };
		E4C2424610CC5A17004149E2 /* IOKit.framework */ = {isa = PBXFileReference; lastKnownFileType = wrapper.framework; name = IOKit.framework; path = /System/Library/Frameworks/IOKit.framework; sourceTree = "<absolute>"; };
		E4EB691F138AFCF100A09F29 /* CoreOF.xcconfig */ = {isa = PBXFileReference; fileEncoding = 4; lastKnownFileType = text.xcconfig; name = CoreOF.xcconfig; path = ../../../libs/openFrameworksCompiled/project/osx/CoreOF.xcconfig; sourceTree = SOURCE_ROOT; };
		E4EB6923138AFD0F00A09F29 /* Project.xcconfig */ = {isa = PBXFileReference; fileEncoding = 4; lastKnownFileType = text.xcconfig; path = Project.xcconfig; sourceTree = "<group>"; };
		E7E077E415D3B63C0020DFD4 /* CoreVideo.framework */ = {isa = PBXFileReference; lastKnownFileType = wrapper.framework; name = CoreVideo.framework; path = /System/Library/Frameworks/CoreVideo.framework; sourceTree = "<absolute>"; };
		E7E077E715D3B6510020DFD4 /* QTKit.framework */ = {isa = PBXFileReference; lastKnownFileType = wrapper.framework; name = QTKit.framework; path = /System/Library/Frameworks/QTKit.framework; sourceTree = "<absolute>"; };
		E7F985F515E0DE99003869B5 /* Accelerate.framework */ = {isa = PBXFileReference; lastKnownFileType = wrapper.framework; name = Accelerate.framework; path = /System/Library/Frameworks/Accelerate.framework; sourceTree = "<absolute>"; };
		a44d06d175e3f2e13521c655ce1f47db /* Debugger.h */ = {isa = PBXFileReference; explicitFileType = sourcecode.c.h; fileEncoding = 30; name = Debugger.h; path = ../../../addons/ofxLibRocket/libs/libRocket/include/Rocket/Debugger.h; sourceTree = SOURCE_ROOT; };
		a491537d5e4012d6010ecc87e3f21b7a /* ofxLibRocketControls.h */ = {isa = PBXFileReference; explicitFileType = sourcecode.c.h; fileEncoding = 30; name = ofxLibRocketControls.h; path = ../../../addons/ofxLibRocket/src/controls/ofxLibRocketControls.h; sourceTree = SOURCE_ROOT; };
		a5812fa98a6436dbc79e4dba57a059f5 /* FontEffect.h */ = {isa = PBXFileReference; explicitFileType = sourcecode.c.h; fileEncoding = 30; name = FontEffect.h; path = ../../../addons/ofxLibRocket/libs/libRocket/include/Rocket/Core/FontEffect.h; sourceTree = SOURCE_ROOT; };
		a8bdd7a3f2b1129fcbe15fffa2a9e9d8 /* Decorator.h */ = {isa = PBXFileReference; explicitFileType = sourcecode.c.h; fileEncoding = 30; name = Decorator.h; path = ../../../addons/ofxLibRocket/libs/libRocket/include/Rocket/Core/Decorator.h; sourceTree = SOURCE_ROOT; };
		aaff25a1ab120b36bc4c0fa8f5ab7e9b /* ofxLibRocketCustomElement.h */ = {isa = PBXFileReference; explicitFileType = sourcecode.c.h; fileEncoding = 30; name = ofxLibRocketCustomElement.h; path = ../../../addons/ofxLibRocket/src/ofxLibRocketCustomElement.h; sourceTree = SOURCE_ROOT; };
		aba32c516529d23a6043c229a6adbed8 /* Vertex.h */ = {isa = PBXFileReference; explicitFileType = sourcecode.c.h; fileEncoding = 30; name = Vertex.h; path = ../../../addons/ofxLibRocket/libs/libRocket/include/Rocket/Core/Vertex.h; sourceTree = SOURCE_ROOT; };
		b5184398a4cbc0c16547772b0a6505a6 /* DataFormatter.h */ = {isa = PBXFileReference; explicitFileType = sourcecode.c.h; fileEncoding = 30; name = DataFormatter.h; path = ../../../addons/ofxLibRocket/libs/libRocket/include/Rocket/Controls/DataFormatter.h; sourceTree = SOURCE_ROOT; };
		b68e9c03834944f5b13f66cad3f608d0 /* DataQuery.h */ = {isa = PBXFileReference; explicitFileType = sourcecode.c.h; fileEncoding = 30; name = DataQuery.h; path = ../../../addons/ofxLibRocket/libs/libRocket/include/Rocket/Controls/DataQuery.h; sourceTree = SOURCE_ROOT; };
		b82d687bb4b3dc66025a073834fb661b /* EventListener.h */ = {isa = PBXFileReference; explicitFileType = sourcecode.c.h; fileEncoding = 30; name = EventListener.h; path = ../../../addons/ofxLibRocket/libs/libRocket/include/Rocket/Core/EventListener.h; sourceTree = SOURCE_ROOT; };
		bb51fa952ee1036bd6d0ee005a446550 /* StyleSheetKeywords.h */ = {isa = PBXFileReference; explicitFileType = sourcecode.c.h; fileEncoding = 30; name = StyleSheetKeywords.h; path = ../../../addons/ofxLibRocket/libs/libRocket/include/Rocket/Core/StyleSheetKeywords.h; sourceTree = SOURCE_ROOT; };
		bbabb3f8d5d0cb40cad2894f71487351 /* XMLNodeHandler.h */ = {isa = PBXFileReference; explicitFileType = sourcecode.c.h; fileEncoding = 30; name = XMLNodeHandler.h; path = ../../../addons/ofxLibRocket/libs/libRocket/include/Rocket/Core/XMLNodeHandler.h; sourceTree = SOURCE_ROOT; };
		bf2a006b7bee0b4a94bc8bdadec73898 /* Dictionary.h */ = {isa = PBXFileReference; explicitFileType = sourcecode.c.h; fileEncoding = 30; name = Dictionary.h; path = ../../../addons/ofxLibRocket/libs/libRocket/include/Rocket/Core/Dictionary.h; sourceTree = SOURCE_ROOT; };
		c37b7fd87f7cdf7ab5b4e1d8c890ce62 /* Font.h */ = {isa = PBXFileReference; explicitFileType = sourcecode.c.h; fileEncoding = 30; name = Font.h; path = ../../../addons/ofxLibRocket/libs/libRocket/include/Rocket/Core/Font.h; sourceTree = SOURCE_ROOT; };
		c6af4397c86a17e2682a87d605f499d4 /* ElementFormControlTextArea.h */ = {isa = PBXFileReference; explicitFileType = sourcecode.c.h; fileEncoding = 30; name = ElementFormControlTextArea.h; path = ../../../addons/ofxLibRocket/libs/libRocket/include/Rocket/Controls/ElementFormControlTextArea.h; sourceTree = SOURCE_ROOT; };
		ca163d8169856245f2ee14b603ea8e5f /* ElementFormControlDataSelect.h */ = {isa = PBXFileReference; explicitFileType = sourcecode.c.h; fileEncoding = 30; name = ElementFormControlDataSelect.h; path = ../../../addons/ofxLibRocket/libs/libRocket/include/Rocket/Controls/ElementFormControlDataSelect.h; sourceTree = SOURCE_ROOT; };
		d084143ec7d3dca49f87b2dc74c545c8 /* ofxLibRocketElement.h */ = {isa = PBXFileReference; explicitFileType = sourcecode.c.h; fileEncoding = 30; name = ofxLibRocketElement.h; path = ../../../addons/ofxLibRocket/src/ofxLibRocketElement.h; sourceTree = SOURCE_ROOT; };
		d4e036bbcbecce9d19d74d193c2d2b81 /* PropertyParser.h */ = {isa = PBXFileReference; explicitFileType = sourcecode.c.h; fileEncoding = 30; name = PropertyParser.h; path = ../../../addons/ofxLibRocket/libs/libRocket/include/Rocket/Core/PropertyParser.h; sourceTree = SOURCE_ROOT; };
		d789a9e5a51829e697604eed3a888f8e /* Math.h */ = {isa = PBXFileReference; explicitFileType = sourcecode.c.h; fileEncoding = 30; name = Math.h; path = ../../../addons/ofxLibRocket/libs/libRocket/include/Rocket/Core/Math.h; sourceTree = SOURCE_ROOT; };
		d896f23b06c076965078ad1a668bfbeb /* ElementDataGridCell.h */ = {isa = PBXFileReference; explicitFileType = sourcecode.c.h; fileEncoding = 30; name = ElementDataGridCell.h; path = ../../../addons/ofxLibRocket/libs/libRocket/include/Rocket/Controls/ElementDataGridCell.h; sourceTree = SOURCE_ROOT; };
		d91bff2e287aea274175c38888c36393 /* Factory.h */ = {isa = PBXFileReference; explicitFileType = sourcecode.c.h; fileEncoding = 30; name = Factory.h; path = ../../../addons/ofxLibRocket/libs/libRocket/include/Rocket/Core/Factory.h; sourceTree = SOURCE_ROOT; };
		da15bd48fd95de1c489ec7d4458a3c51 /* Context.h */ = {isa = PBXFileReference; explicitFileType = sourcecode.c.h; fileEncoding = 30; name = Context.h; path = ../../../addons/ofxLibRocket/libs/libRocket/include/Rocket/Core/Context.h; sourceTree = SOURCE_ROOT; };
		da1a04ad77e006e0b704b4f1185d09e3 /* DataSourceListener.h */ = {isa = PBXFileReference; explicitFileType = sourcecode.c.h; fileEncoding = 30; name = DataSourceListener.h; path = ../../../addons/ofxLibRocket/libs/libRocket/include/Rocket/Controls/DataSourceListener.h; sourceTree = SOURCE_ROOT; };
		e2b9db1e832e61e9f5d56a8f52c5663a /* ElementDataGrid.h */ = {isa = PBXFileReference; explicitFileType = sourcecode.c.h; fileEncoding = 30; name = ElementDataGrid.h; path = ../../../addons/ofxLibRocket/libs/libRocket/include/Rocket/Controls/ElementDataGrid.h; sourceTree = SOURCE_ROOT; };
		e2dd1052f7ce67ef3de69cff0d314e43 /* ContextInstancer.h */ = {isa = PBXFileReference; explicitFileType = sourcecode.c.h; fileEncoding = 30; name = ContextInstancer.h; path = ../../../addons/ofxLibRocket/libs/libRocket/include/Rocket/Core/ContextInstancer.h; sourceTree = SOURCE_ROOT; };
		e486460fd752488fff3843238c574e77 /* Variant.h */ = {isa = PBXFileReference; explicitFileType = sourcecode.c.h; fileEncoding = 30; name = Variant.h; path = ../../../addons/ofxLibRocket/libs/libRocket/include/Rocket/Core/Variant.h; sourceTree = SOURCE_ROOT; };
		ed40bf1dfa638176406f130a1eec5400 /* StyleSheetSpecification.h */ = {isa = PBXFileReference; explicitFileType = sourcecode.c.h; fileEncoding = 30; name = StyleSheetSpecification.h; path = ../../../addons/ofxLibRocket/libs/libRocket/include/Rocket/Core/StyleSheetSpecification.h; sourceTree = SOURCE_ROOT; };
		ee2eec7d703969f4ae64baff0cc7e93a /* ofxLibRocketSystemInterface.cpp */ = {isa = PBXFileReference; explicitFileType = sourcecode.cpp.cpp; fileEncoding = 30; name = ofxLibRocketSystemInterface.cpp; path = ../../../addons/ofxLibRocket/src/ofxLibRocketSystemInterface.cpp; sourceTree = SOURCE_ROOT; };
		f09913d627753bc0fa09d780f1683ad4 /* ofxLibRocketElement.cpp */ = {isa = PBXFileReference; explicitFileType = sourcecode.cpp.cpp; fileEncoding = 30; name = ofxLibRocketElement.cpp; path = ../../../addons/ofxLibRocket/src/ofxLibRocketElement.cpp; sourceTree = SOURCE_ROOT; };
		f0e4cf2f0940af2c62089692e850c199 /* ofxLibRocketRenderInterface.cpp */ = {isa = PBXFileReference; explicitFileType = sourcecode.cpp.cpp; fileEncoding = 30; name = ofxLibRocketRenderInterface.cpp; path = ../../../addons/ofxLibRocket/src/ofxLibRocketRenderInterface.cpp; sourceTree = SOURCE_ROOT; };
		f0f81c0a3c3f38cb8e9cb334319ef046 /* Box.h */ = {isa = PBXFileReference; explicitFileType = sourcecode.c.h; fileEncoding = 30; name = Box.h; path = ../../../addons/ofxLibRocket/libs/libRocket/include/Rocket/Core/Box.h; sourceTree = SOURCE_ROOT; };
		f128b482c6973286ec8054bfa371f82a /* DecoratorInstancer.h */ = {isa = PBXFileReference; explicitFileType = sourcecode.c.h; fileEncoding = 30; name = DecoratorInstancer.h; path = ../../../addons/ofxLibRocket/libs/libRocket/include/Rocket/Core/DecoratorInstancer.h; sourceTree = SOURCE_ROOT; };
		f25519f66cbff7e25c4ab619aa9128b0 /* PropertySpecification.h */ = {isa = PBXFileReference; explicitFileType = sourcecode.c.h; fileEncoding = 30; name = PropertySpecification.h; path = ../../../addons/ofxLibRocket/libs/libRocket/include/Rocket/Core/PropertySpecification.h; sourceTree = SOURCE_ROOT; };
		f4761e46241112d87d6490f789722ecd /* ofxLibRocketSystemInterface.h */ = {isa = PBXFileReference; explicitFileType = sourcecode.c.h; fileEncoding = 30; name = ofxLibRocketSystemInterface.h; path = ../../../addons/ofxLibRocket/src/ofxLibRocketSystemInterface.h; sourceTree = SOURCE_ROOT; };
		f7b849beb6420929625c6aeced66648c /* Platform.h */ = {isa = PBXFileReference; explicitFileType = sourcecode.c.h; fileEncoding = 30; name = Platform.h; path = ../../../addons/ofxLibRocket/libs/libRocket/include/Rocket/Core/Platform.h; sourceTree = SOURCE_ROOT; };
		f7f56f8f3586243eedec3a0723d0ed52 /* PropertyDefinition.h */ = {isa = PBXFileReference; explicitFileType = sourcecode.c.h; fileEncoding = 30; name = PropertyDefinition.h; path = ../../../addons/ofxLibRocket/libs/libRocket/include/Rocket/Core/PropertyDefinition.h; sourceTree = SOURCE_ROOT; };
		f8d45dda0c87ebcdfd4c65d0bb11900a /* ofxLibRocketRenderInterface.h */ = {isa = PBXFileReference; explicitFileType = sourcecode.c.h; fileEncoding = 30; name = ofxLibRocketRenderInterface.h; path = ../../../addons/ofxLibRocket/src/ofxLibRocketRenderInterface.h; sourceTree = SOURCE_ROOT; };
		f971cf86a315799bf7a4a51a079631fb /* BaseXMLParser.h */ = {isa = PBXFileReference; explicitFileType = sourcecode.c.h; fileEncoding = 30; name = BaseXMLParser.h; path = ../../../addons/ofxLibRocket/libs/libRocket/include/Rocket/Core/BaseXMLParser.h; sourceTree = SOURCE_ROOT; };
		fcb5d304b1cccafc5900418d63e45255 /* ofxLibRocket.h */ = {isa = PBXFileReference; explicitFileType = sourcecode.c.h; fileEncoding = 30; name = ofxLibRocket.h; path = ../../../addons/ofxLibRocket/src/ofxLibRocket.h; sourceTree = SOURCE_ROOT; };
		fe396c26d8c6a062f3ce05e22cf81110 /* Element.h */ = {isa = PBXFileReference; explicitFileType = sourcecode.c.h; fileEncoding = 30; name = Element.h; path = ../../../addons/ofxLibRocket/libs/libRocket/include/Rocket/Core/Element.h; sourceTree = SOURCE_ROOT; };
/* End PBXFileReference section */

/* Begin PBXFrameworksBuildPhase section */
		E4B69B590A3A1756003C02F2 /* Frameworks */ = {
			isa = PBXFrameworksBuildPhase;
			buildActionMask = 2147483647;
			files = (
				E7F985F815E0DEA3003869B5 /* Accelerate.framework in Frameworks */,
				E7E077E815D3B6510020DFD4 /* QTKit.framework in Frameworks */,
				E4EB6799138ADC1D00A09F29 /* GLUT.framework in Frameworks */,
				E4328149138ABC9F0047C5CB /* openFrameworksDebug.a in Frameworks */,
				E45BE97B0E8CC7DD009D7055 /* AGL.framework in Frameworks */,
				E45BE97C0E8CC7DD009D7055 /* ApplicationServices.framework in Frameworks */,
				E45BE97D0E8CC7DD009D7055 /* AudioToolbox.framework in Frameworks */,
				E45BE97E0E8CC7DD009D7055 /* Carbon.framework in Frameworks */,
				E45BE97F0E8CC7DD009D7055 /* CoreAudio.framework in Frameworks */,
				E45BE9800E8CC7DD009D7055 /* CoreFoundation.framework in Frameworks */,
				E45BE9810E8CC7DD009D7055 /* CoreServices.framework in Frameworks */,
				E45BE9830E8CC7DD009D7055 /* OpenGL.framework in Frameworks */,
				E45BE9840E8CC7DD009D7055 /* QuickTime.framework in Frameworks */,
				E4C2424710CC5A17004149E2 /* AppKit.framework in Frameworks */,
				E4C2424810CC5A17004149E2 /* Cocoa.framework in Frameworks */,
				E4C2424910CC5A17004149E2 /* IOKit.framework in Frameworks */,
				E7E077E515D3B63C0020DFD4 /* CoreVideo.framework in Frameworks */,
			);
			runOnlyForDeploymentPostprocessing = 0;
		};
/* End PBXFrameworksBuildPhase section */

/* Begin PBXGroup section */
		15ea0107a6fb1997418e5520011bc1cd /* controls */ = {
			isa = PBXGroup;
			children = (
				00bb50d0ccfe0c8473cf604d86ef87ec /* ofxLibRocketControls.cpp */,
				a491537d5e4012d6010ecc87e3f21b7a /* ofxLibRocketControls.h */,
				454028fa20a0b9687683d7d547e3a67e /* ofxlibrocketslider2d.cpp */,
				0c981fb4490f07d968e17e041a5698f0 /* ofxlibrocketslider2d.h */,
			);
			name = controls;
			sourceTree = "<group>";
		};
		36373aa3fa273725c72a57489642e226 /* include */ = {
			isa = PBXGroup;
			children = (
				688458b35e08e2b1fd977fe04cc1f306 /* Rocket */,
			);
			name = include;
			sourceTree = "<group>";
		};
		476498f0fb4b51072d538ca34bf0ec0d /* libRocket */ = {
			isa = PBXGroup;
			children = (
				36373aa3fa273725c72a57489642e226 /* include */,
			);
			name = libRocket;
			sourceTree = "<group>";
		};
		688458b35e08e2b1fd977fe04cc1f306 /* Rocket */ = {
			isa = PBXGroup;
			children = (
				a5985f04066e4a28ae411a1e4f235389 /* Controls */,
				5787827e03182e6ffffe01ef3211cf6a /* Controls.h */,
				cea2c564fea6cd6c885d27e9cff05c6a /* Core */,
				7394bf855c70e62dd17ce91a3f9f6423 /* Core.h */,
				c8531f59ae2b7843164340bfbfc35952 /* Debugger */,
				a44d06d175e3f2e13521c655ce1f47db /* Debugger.h */,
			);
			name = Rocket;
			sourceTree = "<group>";
		};
		BB4B014C10F69532006C3DED /* addons */ = {
			isa = PBXGroup;
			children = (
				c679a501995260f6e8bee6935ab8302a /* ofxLibRocket */,
			);
			name = addons;
			sourceTree = "<group>";
		};
		BBAB23C913894ECA00AA2426 /* system frameworks */ = {
			isa = PBXGroup;
			children = (
				E7F985F515E0DE99003869B5 /* Accelerate.framework */,
				E4C2424410CC5A17004149E2 /* AppKit.framework */,
				E4C2424510CC5A17004149E2 /* Cocoa.framework */,
				E4C2424610CC5A17004149E2 /* IOKit.framework */,
				E45BE9710E8CC7DD009D7055 /* AGL.framework */,
				E45BE9720E8CC7DD009D7055 /* ApplicationServices.framework */,
				E45BE9730E8CC7DD009D7055 /* AudioToolbox.framework */,
				E45BE9740E8CC7DD009D7055 /* Carbon.framework */,
				E45BE9750E8CC7DD009D7055 /* CoreAudio.framework */,
				E45BE9760E8CC7DD009D7055 /* CoreFoundation.framework */,
				E45BE9770E8CC7DD009D7055 /* CoreServices.framework */,
				E45BE9790E8CC7DD009D7055 /* OpenGL.framework */,
				E45BE97A0E8CC7DD009D7055 /* QuickTime.framework */,
				E7E077E415D3B63C0020DFD4 /* CoreVideo.framework */,
				E7E077E715D3B6510020DFD4 /* QTKit.framework */,
			);
			name = "system frameworks";
			sourceTree = "<group>";
		};
		BBAB23CA13894EDB00AA2426 /* 3rd party frameworks */ = {
			isa = PBXGroup;
			children = (
				BBAB23BE13894E4700AA2426 /* GLUT.framework */,
			);
			name = "3rd party frameworks";
			sourceTree = "<group>";
		};
		E4328144138ABC890047C5CB /* Products */ = {
			isa = PBXGroup;
			children = (
				E4328148138ABC890047C5CB /* openFrameworksDebug.a */,
			);
			name = Products;
			sourceTree = "<group>";
		};
		E45BE5980E8CC70C009D7055 /* frameworks */ = {
			isa = PBXGroup;
			children = (
				BBAB23CA13894EDB00AA2426 /* 3rd party frameworks */,
				BBAB23C913894ECA00AA2426 /* system frameworks */,
			);
			name = frameworks;
			sourceTree = "<group>";
		};
		E4B69B4A0A3A1720003C02F2 = {
			isa = PBXGroup;
			children = (
				E4B6FCAD0C3E899E008CF71C /* openFrameworks-Info.plist */,
				E4EB6923138AFD0F00A09F29 /* Project.xcconfig */,
				E4B69E1C0A3A1BDC003C02F2 /* src */,
				E4EEC9E9138DF44700A80321 /* openFrameworks */,
				BB4B014C10F69532006C3DED /* addons */,
				E45BE5980E8CC70C009D7055 /* frameworks */,
				E4B69B5B0A3A1756003C02F2 /* ofxLibRocketExampleDebug.app */,
			);
			sourceTree = "<group>";
		};
		E4B69E1C0A3A1BDC003C02F2 /* src */ = {
			isa = PBXGroup;
			children = (
				E4B69E1D0A3A1BDC003C02F2 /* main.cpp */,
				E4B69E1E0A3A1BDC003C02F2 /* testApp.cpp */,
				E4B69E1F0A3A1BDC003C02F2 /* testApp.h */,
			);
			path = src;
			sourceTree = SOURCE_ROOT;
		};
		E4EEC9E9138DF44700A80321 /* openFrameworks */ = {
			isa = PBXGroup;
			children = (
				E4EB691F138AFCF100A09F29 /* CoreOF.xcconfig */,
				E4328143138ABC890047C5CB /* openFrameworksLib.xcodeproj */,
			);
			name = openFrameworks;
			sourceTree = "<group>";
		};
		a5985f04066e4a28ae411a1e4f235389 /* Controls */ = {
			isa = PBXGroup;
			children = (
				95821c7de4f98d13e083ef666bffc556 /* Clipboard.h */,
				560b0f8b7e671948ff8afdddcbda053e /* Controls.h */,
				b5184398a4cbc0c16547772b0a6505a6 /* DataFormatter.h */,
				b68e9c03834944f5b13f66cad3f608d0 /* DataQuery.h */,
				9a21d6a8a16ca670c3d4b26bfbffaec9 /* DataSource.h */,
				da1a04ad77e006e0b704b4f1185d09e3 /* DataSourceListener.h */,
				e2b9db1e832e61e9f5d56a8f52c5663a /* ElementDataGrid.h */,
				d896f23b06c076965078ad1a668bfbeb /* ElementDataGridCell.h */,
				25b3ee0955db428ece92fd1c1d3d0e7f /* ElementDataGridExpandButton.h */,
				60765b598ab97df3e725804727c49a2b /* ElementDataGridRow.h */,
				17562c8e4e9643a2e3c63123bdc8d1de /* ElementForm.h */,
				67f55488eff4556b36dc383a5c13e2b3 /* ElementFormControl.h */,
				ca163d8169856245f2ee14b603ea8e5f /* ElementFormControlDataSelect.h */,
				426f4707c21adb5cc05454011ef3c272 /* ElementFormControlInput.h */,
				40b82cdf2474ec10db43e680edfee144 /* ElementFormControlSelect.h */,
				c6af4397c86a17e2682a87d605f499d4 /* ElementFormControlTextArea.h */,
				6964eca8f63457862aa02921997a58a2 /* ElementTabSet.h */,
				37e311cb27a34a6beb8a1ab507464961 /* Header.h */,
				5836e868b645c45b9afebf9f2943b77e /* SelectOption.h */,
			);
			name = Controls;
			sourceTree = "<group>";
		};
		c679a501995260f6e8bee6935ab8302a /* ofxLibRocket */ = {
			isa = PBXGroup;
			children = (
				deea756483a992900123317c255056e2 /* src */,
				f3f9f6b1c55c976b3cba88288ae17e14 /* libs */,
			);
			name = ofxLibRocket;
			sourceTree = "<group>";
		};
		c8531f59ae2b7843164340bfbfc35952 /* Debugger */ = {
			isa = PBXGroup;
			children = (
				5cef0c980809525ddb6c9f256330d096 /* Debugger.h */,
				22a6f35be81327c68c547254a0a75ee3 /* Header.h */,
			);
			name = Debugger;
			sourceTree = "<group>";
		};
		cea2c564fea6cd6c885d27e9cff05c6a /* Core */ = {
			isa = PBXGroup;
			children = (
				f971cf86a315799bf7a4a51a079631fb /* BaseXMLParser.h */,
				f0f81c0a3c3f38cb8e9cb334319ef046 /* Box.h */,
				8fca523b6c8faa2af367c80ed2363941 /* Colour.h */,
				da15bd48fd95de1c489ec7d4458a3c51 /* Context.h */,
				e2dd1052f7ce67ef3de69cff0d314e43 /* ContextInstancer.h */,
				75da3022d7c09e7b1f124ec94a8e95e6 /* ConvolutionFilter.h */,
				6a62aaaad3be9b28f7eddfa72b19bff9 /* Core.h */,
				7925776b66a90b8ffea611969819aa17 /* Debug.h */,
				a8bdd7a3f2b1129fcbe15fffa2a9e9d8 /* Decorator.h */,
				f128b482c6973286ec8054bfa371f82a /* DecoratorInstancer.h */,
				bf2a006b7bee0b4a94bc8bdadec73898 /* Dictionary.h */,
				fe396c26d8c6a062f3ce05e22cf81110 /* Element.h */,
				3c172c2b41a8397e95289bd44c152ea1 /* ElementDocument.h */,
				882630ae5d8f4e153f5adedec78ed013 /* ElementInstancer.h */,
				3f8a59f2e2b1d8412df4c44b7a98583c /* ElementInstancerGeneric.h */,
				7196adf14533243638aa6730e5e39d7f /* ElementReference.h */,
				268b786bc42fa4ad5ab5b1aea656833b /* ElementScroll.h */,
				30333570867e0177cd6b4c598610ec7d /* ElementText.h */,
				73ca30e7cd91770ddc18efe5a3a6e9d0 /* ElementUtilities.h */,
				7723c761156feb639aac79168782c4a2 /* Event.h */,
				6f33d2fa96ac4de795d01b622c042177 /* EventInstancer.h */,
				b82d687bb4b3dc66025a073834fb661b /* EventListener.h */,
				8c33e721762f4f6cce28097381a9fe48 /* EventListenerInstancer.h */,
				d91bff2e287aea274175c38888c36393 /* Factory.h */,
				7ee3dc68b8cfff30e6c60a35de7b54e7 /* FileInterface.h */,
				c37b7fd87f7cdf7ab5b4e1d8c890ce62 /* Font.h */,
				2d667d72ecf142b8ae4013bee458c17c /* FontDatabase.h */,
				a5812fa98a6436dbc79e4dba57a059f5 /* FontEffect.h */,
				1a2683db0b5c00d095fc633ef600e789 /* FontEffectInstancer.h */,
				4fafea1001a5bbc0ffe80f8bbbd54efd /* FontGlyph.h */,
				85098f289dc7e2c55d89e396dc5d20cd /* Geometry.h */,
				85673ed3dab7f60160a1b71aac89d8f9 /* GeometryUtilities.h */,
				0978561f8da86b92f5781a2c5966c26f /* Header.h */,
				984b5ac6056d1ab98d4e2be837740b4b /* Input.h */,
				29b2b4c59c446cb22cdb0ceff9e8e53b /* Log.h */,
				d789a9e5a51829e697604eed3a888f8e /* Math.h */,
				2153dcebe2514e6eba6d3796cb129f07 /* MathTypes.h */,
				f7b849beb6420929625c6aeced66648c /* Platform.h */,
				0ba801d79b0983bd6e23ca5ae3709621 /* Plugin.h */,
				101d15bacea9e2c52d84a036390922da /* Property.h */,
				f7f56f8f3586243eedec3a0723d0ed52 /* PropertyDefinition.h */,
				8f62555baea52a82b299b5a284c35ff1 /* PropertyDictionary.h */,
				d4e036bbcbecce9d19d74d193c2d2b81 /* PropertyParser.h */,
				f25519f66cbff7e25c4ab619aa9128b0 /* PropertySpecification.h */,
				705f4bd3cf0cf3b38d380561e828bdd9 /* ReferenceCountable.h */,
				335668860586ddb14275e07ae3bec7dd /* RenderInterface.h */,
				78416efd07f0da079d96ec1de77e6a83 /* ScriptInterface.h */,
				0ec976ac93ed333b2a774b2a4d5a3821 /* Stream.h */,
				36075f199ddb1fd6e313f2879efb1403 /* StreamMemory.h */,
				280dada7626182d89941afc75f607671 /* String.h */,
				23d40e0f5ef74c21c87210401733cf55 /* StringBase.h */,
				770887b3e98ae399d13375f1e2a0d4cf /* StringUtilities.h */,
				2e3611a6f868eaf72a61476b71167d09 /* StyleSheet.h */,
				bb51fa952ee1036bd6d0ee005a446550 /* StyleSheetKeywords.h */,
				ed40bf1dfa638176406f130a1eec5400 /* StyleSheetSpecification.h */,
				521b273228c39b4eb1a9a8429bec8862 /* SystemInterface.h */,
				586864e67615dfdeb6cfbd6318090ea7 /* Texture.h */,
				4554d3e6bc76ba07cde301f98f39ee11 /* TypeConverter.h */,
				9aace289b1d61a6a976628ca4257d3ed /* Types.h */,
				295aa6e62ca55ad8f5023c8752a811c7 /* URL.h */,
				e486460fd752488fff3843238c574e77 /* Variant.h */,
				717493ba5de53e246cdc4f800e7b4b22 /* Vector2.h */,
				aba32c516529d23a6043c229a6adbed8 /* Vertex.h */,
				52b106fcde16af45cdaeb4fd247685e3 /* WString.h */,
				bbabb3f8d5d0cb40cad2894f71487351 /* XMLNodeHandler.h */,
				3aaa3fd89d895c923614d27e3297ab53 /* XMLParser.h */,
			);
			name = Core;
			sourceTree = "<group>";
		};
		deea756483a992900123317c255056e2 /* src */ = {
			isa = PBXGroup;
			children = (
				15ea0107a6fb1997418e5520011bc1cd /* controls */,
				058c115ede2bb32c6e58cb332783f1da /* ofxLibRocket.cpp */,
				fcb5d304b1cccafc5900418d63e45255 /* ofxLibRocket.h */,
				74e72f55a9b7af237d01e40f6d678408 /* ofxLibRocketCustomElement.cpp */,
				aaff25a1ab120b36bc4c0fa8f5ab7e9b /* ofxLibRocketCustomElement.h */,
				048ca4c334a47cfeea7ffbb4a85f5c3e /* ofxLibRocketDocument.cpp */,
				1a92a03a964882371e1472eaeefb107b /* ofxLibRocketDocument.h */,
				f09913d627753bc0fa09d780f1683ad4 /* ofxLibRocketElement.cpp */,
				d084143ec7d3dca49f87b2dc74c545c8 /* ofxLibRocketElement.h */,
				27c2700b21aa9f1cfdd0feb3667ce7d1 /* ofxLibRocketEvents.h */,
				f0e4cf2f0940af2c62089692e850c199 /* ofxLibRocketRenderInterface.cpp */,
				f8d45dda0c87ebcdfd4c65d0bb11900a /* ofxLibRocketRenderInterface.h */,
				ee2eec7d703969f4ae64baff0cc7e93a /* ofxLibRocketSystemInterface.cpp */,
				f4761e46241112d87d6490f789722ecd /* ofxLibRocketSystemInterface.h */,
			);
			name = src;
			sourceTree = "<group>";
		};
		f3f9f6b1c55c976b3cba88288ae17e14 /* libs */ = {
			isa = PBXGroup;
			children = (
				476498f0fb4b51072d538ca34bf0ec0d /* libRocket */,
			);
			name = libs;
			sourceTree = "<group>";
		};
/* End PBXGroup section */

/* Begin PBXNativeTarget section */
		E4B69B5A0A3A1756003C02F2 /* ofxLibRocketExample */ = {
			isa = PBXNativeTarget;
			buildConfigurationList = E4B69B5F0A3A1757003C02F2 /* Build configuration list for PBXNativeTarget "ofxLibRocketExample" */;
			buildPhases = (
				E4B69B580A3A1756003C02F2 /* Sources */,
				E4B69B590A3A1756003C02F2 /* Frameworks */,
				E4B6FFFD0C3F9AB9008CF71C /* ShellScript */,
				E4C2427710CC5ABF004149E2 /* CopyFiles */,
			);
			buildRules = (
			);
			dependencies = (
				E4EEB9AC138B136A00A80321 /* PBXTargetDependency */,
			);
			name = ofxLibRocketExample;
			productName = myOFApp;
			productReference = E4B69B5B0A3A1756003C02F2 /* ofxLibRocketExampleDebug.app */;
			productType = "com.apple.product-type.application";
		};
/* End PBXNativeTarget section */

/* Begin PBXProject section */
		E4B69B4C0A3A1720003C02F2 /* Project object */ = {
			isa = PBXProject;
			buildConfigurationList = E4B69B4D0A3A1720003C02F2 /* Build configuration list for PBXProject "ofxLibRocketExample" */;
			compatibilityVersion = "Xcode 3.2";
			developmentRegion = English;
			hasScannedForEncodings = 0;
			knownRegions = (
				English,
				Japanese,
				French,
				German,
			);
			mainGroup = E4B69B4A0A3A1720003C02F2;
			productRefGroup = E4B69B4A0A3A1720003C02F2;
			projectDirPath = "";
			projectReferences = (
				{
					ProductGroup = E4328144138ABC890047C5CB /* Products */;
					ProjectRef = E4328143138ABC890047C5CB /* openFrameworksLib.xcodeproj */;
				},
			);
			projectRoot = "";
			targets = (
				E4B69B5A0A3A1756003C02F2 /* ofxLibRocketExample */,
			);
		};
/* End PBXProject section */

/* Begin PBXReferenceProxy section */
		E4328148138ABC890047C5CB /* openFrameworksDebug.a */ = {
			isa = PBXReferenceProxy;
			fileType = archive.ar;
			path = openFrameworksDebug.a;
			remoteRef = E4328147138ABC890047C5CB /* PBXContainerItemProxy */;
			sourceTree = BUILT_PRODUCTS_DIR;
		};
/* End PBXReferenceProxy section */

/* Begin PBXShellScriptBuildPhase section */
		E4B6FFFD0C3F9AB9008CF71C /* ShellScript */ = {
			isa = PBXShellScriptBuildPhase;
			buildActionMask = 2147483647;
			files = (
			);
			inputPaths = (
			);
			outputPaths = (
			);
			runOnlyForDeploymentPostprocessing = 0;
			shellPath = /bin/sh;
			shellScript = "cp -f ../../../libs/fmodex/lib/osx/libfmodex.dylib \"$TARGET_BUILD_DIR/$PRODUCT_NAME.app/Contents/MacOS/libfmodex.dylib\"; install_name_tool -change ./libfmodex.dylib @executable_path/libfmodex.dylib \"$TARGET_BUILD_DIR/$PRODUCT_NAME.app/Contents/MacOS/$PRODUCT_NAME\";";
		};
/* End PBXShellScriptBuildPhase section */

/* Begin PBXSourcesBuildPhase section */
		E4B69B580A3A1756003C02F2 /* Sources */ = {
			isa = PBXSourcesBuildPhase;
			buildActionMask = 2147483647;
			files = (
				E4B69E200A3A1BDC003C02F2 /* main.cpp in Sources */,
				E4B69E210A3A1BDC003C02F2 /* testApp.cpp in Sources */,
				c46153a3a2f0ad509a55be68eb3fbfb4 /* ofxLibRocketControls.cpp in Sources */,
				986f7ce3b4bea710cd221d5bf3c9dbe2 /* ofxlibrocketslider2d.cpp in Sources */,
				9889706bf3bcec53ab10b50591bcd59d /* ofxLibRocket.cpp in Sources */,
				d24fb71809f0829e409e4cc80878f2c3 /* ofxLibRocketCustomElement.cpp in Sources */,
				4c28727dd10388bce2e127c06342e872 /* ofxLibRocketDocument.cpp in Sources */,
				c0815c5b5b12f0728d6af00111bdaa75 /* ofxLibRocketElement.cpp in Sources */,
				53cdf5763fd51f35ea70cb0b0b217252 /* ofxLibRocketRenderInterface.cpp in Sources */,
				b04177e65349c2044fe54b8c4ac600d6 /* ofxLibRocketSystemInterface.cpp in Sources */,
			);
			runOnlyForDeploymentPostprocessing = 0;
		};
/* End PBXSourcesBuildPhase section */

/* Begin PBXTargetDependency section */
		E4EEB9AC138B136A00A80321 /* PBXTargetDependency */ = {
			isa = PBXTargetDependency;
			name = openFrameworks;
			targetProxy = E4EEB9AB138B136A00A80321 /* PBXContainerItemProxy */;
		};
/* End PBXTargetDependency section */

/* Begin XCBuildConfiguration section */
		E4B69B4E0A3A1720003C02F2 /* Debug */ = {
			isa = XCBuildConfiguration;
			baseConfigurationReference = E4EB6923138AFD0F00A09F29 /* Project.xcconfig */;
			buildSettings = {
				ARCHS = "$(NATIVE_ARCH)";
				CONFIGURATION_BUILD_DIR = "$(SRCROOT)/bin/";
				COPY_PHASE_STRIP = NO;
				DEAD_CODE_STRIPPING = YES;
				GCC_AUTO_VECTORIZATION = YES;
				GCC_ENABLE_SSE3_EXTENSIONS = YES;
				GCC_ENABLE_SUPPLEMENTAL_SSE3_INSTRUCTIONS = YES;
				GCC_INLINES_ARE_PRIVATE_EXTERN = NO;
				GCC_OPTIMIZATION_LEVEL = 0;
				GCC_SYMBOLS_PRIVATE_EXTERN = NO;
				GCC_WARN_ABOUT_DEPRECATED_FUNCTIONS = YES;
				GCC_WARN_ABOUT_INVALID_OFFSETOF_MACRO = NO;
				GCC_WARN_ALLOW_INCOMPLETE_PROTOCOL = NO;
				GCC_WARN_UNINITIALIZED_AUTOS = NO;
				GCC_WARN_UNUSED_VALUE = NO;
				GCC_WARN_UNUSED_VARIABLE = NO;
				HEADER_SEARCH_PATHS = (
					"$(OF_CORE_HEADERS)",
					../../../addons/ofxLibRocket/libs,
					../../../addons/ofxLibRocket/libs/libRocket,
					../../../addons/ofxLibRocket/libs/libRocket/include,
					../../../addons/ofxLibRocket/libs/libRocket/include/Rocket,
					../../../addons/ofxLibRocket/libs/libRocket/include/Rocket/Controls,
					../../../addons/ofxLibRocket/libs/libRocket/include/Rocket/Core,
					../../../addons/ofxLibRocket/libs/libRocket/include/Rocket/Core/Python,
					../../../addons/ofxLibRocket/libs/libRocket/include/Rocket/Debugger,
					../../../addons/ofxLibRocket/libs/libRocket/lib,
					../../../addons/ofxLibRocket/libs/libRocket/lib/osx,
					../../../addons/ofxLibRocket/src,
					../../../addons/ofxLibRocket/src/controls,
				);
				OTHER_CPLUSPLUSFLAGS = (
					"-D__MACOSX_CORE__",
					"-lpthread",
					"-mtune=native",
				);
				OTHER_LDFLAGS = (
					"$(OF_CORE_LIBS)",
					../../../addons/ofxLibRocket/libs/libRocket/lib/osx/_rocketcontrols.a,
					../../../addons/ofxLibRocket/libs/libRocket/lib/osx/_rocketcore.a,
					../../../addons/ofxLibRocket/libs/libRocket/lib/osx/libRocketControls.a,
					../../../addons/ofxLibRocket/libs/libRocket/lib/osx/libRocketCore.a,
					../../../addons/ofxLibRocket/libs/libRocket/lib/osx/libRocketDebugger.a,
				);
				SDKROOT = macosx;
			};
			name = Debug;
		};
		E4B69B4F0A3A1720003C02F2 /* Release */ = {
			isa = XCBuildConfiguration;
			baseConfigurationReference = E4EB6923138AFD0F00A09F29 /* Project.xcconfig */;
			buildSettings = {
				ARCHS = "$(NATIVE_ARCH)";
				CONFIGURATION_BUILD_DIR = "$(SRCROOT)/bin/";
				COPY_PHASE_STRIP = YES;
				DEAD_CODE_STRIPPING = YES;
				GCC_AUTO_VECTORIZATION = YES;
				GCC_ENABLE_SSE3_EXTENSIONS = YES;
				GCC_ENABLE_SUPPLEMENTAL_SSE3_INSTRUCTIONS = YES;
				GCC_INLINES_ARE_PRIVATE_EXTERN = NO;
				GCC_OPTIMIZATION_LEVEL = 3;
				GCC_SYMBOLS_PRIVATE_EXTERN = NO;
				GCC_UNROLL_LOOPS = YES;
				GCC_WARN_ABOUT_DEPRECATED_FUNCTIONS = YES;
				GCC_WARN_ABOUT_INVALID_OFFSETOF_MACRO = NO;
				GCC_WARN_ALLOW_INCOMPLETE_PROTOCOL = NO;
				GCC_WARN_UNINITIALIZED_AUTOS = NO;
				GCC_WARN_UNUSED_VALUE = NO;
				GCC_WARN_UNUSED_VARIABLE = NO;
				HEADER_SEARCH_PATHS = (
					"$(OF_CORE_HEADERS)",
					../../../addons/ofxLibRocket/libs,
					../../../addons/ofxLibRocket/libs/libRocket,
					../../../addons/ofxLibRocket/libs/libRocket/include,
					../../../addons/ofxLibRocket/libs/libRocket/include/Rocket,
					../../../addons/ofxLibRocket/libs/libRocket/include/Rocket/Controls,
					../../../addons/ofxLibRocket/libs/libRocket/include/Rocket/Core,
					../../../addons/ofxLibRocket/libs/libRocket/include/Rocket/Core/Python,
					../../../addons/ofxLibRocket/libs/libRocket/include/Rocket/Debugger,
					../../../addons/ofxLibRocket/libs/libRocket/lib,
					../../../addons/ofxLibRocket/libs/libRocket/lib/osx,
					../../../addons/ofxLibRocket/src,
					../../../addons/ofxLibRocket/src/controls,
				);
				OTHER_CPLUSPLUSFLAGS = (
					"-D__MACOSX_CORE__",
					"-lpthread",
					"-mtune=native",
				);
				OTHER_LDFLAGS = (
					"$(OF_CORE_LIBS)",
					../../../addons/ofxLibRocket/libs/libRocket/lib/osx/_rocketcontrols.a,
					../../../addons/ofxLibRocket/libs/libRocket/lib/osx/_rocketcore.a,
					../../../addons/ofxLibRocket/libs/libRocket/lib/osx/libRocketControls.a,
					../../../addons/ofxLibRocket/libs/libRocket/lib/osx/libRocketCore.a,
					../../../addons/ofxLibRocket/libs/libRocket/lib/osx/libRocketDebugger.a,
				);
				SDKROOT = macosx;
			};
			name = Release;
		};
		E4B69B600A3A1757003C02F2 /* Debug */ = {
			isa = XCBuildConfiguration;
			buildSettings = {
				COPY_PHASE_STRIP = NO;
				FRAMEWORK_SEARCH_PATHS = (
					"$(inherited)",
					"$(FRAMEWORK_SEARCH_PATHS_QUOTED_FOR_TARGET_1)",
				);
				FRAMEWORK_SEARCH_PATHS_QUOTED_FOR_TARGET_1 = "\"$(SRCROOT)/../../../libs/glut/lib/osx\"";
				GCC_DYNAMIC_NO_PIC = NO;
				GCC_ENABLE_FIX_AND_CONTINUE = YES;
				GCC_GENERATE_DEBUGGING_SYMBOLS = YES;
				GCC_MODEL_TUNING = NONE;
				GCC_PRECOMPILE_PREFIX_HEADER = YES;
				GCC_PREFIX_HEADER = "$(SYSTEM_LIBRARY_DIR)/Frameworks/Carbon.framework/Headers/Carbon.h";
				INFOPLIST_FILE = "openFrameworks-Info.plist";
				INSTALL_PATH = "$(HOME)/Applications";
				LIBRARY_SEARCH_PATHS = (
					"$(inherited)",
					"$(LIBRARY_SEARCH_PATHS_QUOTED_FOR_TARGET_1)",
					"$(LIBRARY_SEARCH_PATHS_QUOTED_FOR_TARGET_2)",
					"$(LIBRARY_SEARCH_PATHS_QUOTED_FOR_TARGET_3)",
					"$(LIBRARY_SEARCH_PATHS_QUOTED_FOR_TARGET_4)",
					"$(LIBRARY_SEARCH_PATHS_QUOTED_FOR_TARGET_5)",
					"$(LIBRARY_SEARCH_PATHS_QUOTED_FOR_TARGET_6)",
					"$(LIBRARY_SEARCH_PATHS_QUOTED_FOR_TARGET_7)",
					"$(LIBRARY_SEARCH_PATHS_QUOTED_FOR_TARGET_8)",
					"$(LIBRARY_SEARCH_PATHS_QUOTED_FOR_TARGET_9)",
					"$(LIBRARY_SEARCH_PATHS_QUOTED_FOR_TARGET_10)",
					"$(LIBRARY_SEARCH_PATHS_QUOTED_FOR_TARGET_11)",
					"$(LIBRARY_SEARCH_PATHS_QUOTED_FOR_TARGET_12)",
					"$(LIBRARY_SEARCH_PATHS_QUOTED_FOR_TARGET_13)",
					"$(LIBRARY_SEARCH_PATHS_QUOTED_FOR_TARGET_14)",
					"$(LIBRARY_SEARCH_PATHS_QUOTED_FOR_TARGET_15)",
					"$(LIBRARY_SEARCH_PATHS_QUOTED_FOR_TARGET_2)",
					"$(LIBRARY_SEARCH_PATHS_QUOTED_FOR_TARGET_3)",
					"$(LIBRARY_SEARCH_PATHS_QUOTED_FOR_TARGET_7)",
					"$(LIBRARY_SEARCH_PATHS_QUOTED_FOR_TARGET_8)",
					"$(LIBRARY_SEARCH_PATHS_QUOTED_FOR_TARGET_9)",
					"$(LIBRARY_SEARCH_PATHS_QUOTED_FOR_TARGET_10)",
					"$(LIBRARY_SEARCH_PATHS_QUOTED_FOR_TARGET_11)",
					"$(LIBRARY_SEARCH_PATHS_QUOTED_FOR_TARGET_12)",
					"$(LIBRARY_SEARCH_PATHS_QUOTED_FOR_TARGET_13)",
					"$(LIBRARY_SEARCH_PATHS_QUOTED_FOR_TARGET_16)",
					"$(LIBRARY_SEARCH_PATHS_QUOTED_FOR_TARGET_17)",
					"$(LIBRARY_SEARCH_PATHS_QUOTED_FOR_TARGET_18)",
					"$(LIBRARY_SEARCH_PATHS_QUOTED_FOR_TARGET_19)",
					"$(LIBRARY_SEARCH_PATHS_QUOTED_FOR_TARGET_20)",
					"$(LIBRARY_SEARCH_PATHS_QUOTED_FOR_TARGET_21)",
					"$(LIBRARY_SEARCH_PATHS_QUOTED_FOR_TARGET_22)",
					"$(LIBRARY_SEARCH_PATHS_QUOTED_FOR_TARGET_23)",
					"$(LIBRARY_SEARCH_PATHS_QUOTED_FOR_TARGET_24)",
					"$(LIBRARY_SEARCH_PATHS_QUOTED_FOR_TARGET_25)",
					"$(LIBRARY_SEARCH_PATHS_QUOTED_FOR_TARGET_26)",
					"$(LIBRARY_SEARCH_PATHS_QUOTED_FOR_TARGET_27)",
					"$(LIBRARY_SEARCH_PATHS_QUOTED_FOR_TARGET_28)",
					"$(LIBRARY_SEARCH_PATHS_QUOTED_FOR_TARGET_29)",
					"$(LIBRARY_SEARCH_PATHS_QUOTED_FOR_TARGET_30)",
					"$(LIBRARY_SEARCH_PATHS_QUOTED_FOR_TARGET_31)",
					"$(LIBRARY_SEARCH_PATHS_QUOTED_FOR_TARGET_32)",
					"$(LIBRARY_SEARCH_PATHS_QUOTED_FOR_TARGET_33)",
					"$(LIBRARY_SEARCH_PATHS_QUOTED_FOR_TARGET_34)",
					"$(LIBRARY_SEARCH_PATHS_QUOTED_FOR_TARGET_35)",
					"$(LIBRARY_SEARCH_PATHS_QUOTED_FOR_TARGET_36)",
					"$(LIBRARY_SEARCH_PATHS_QUOTED_FOR_TARGET_37)",
					"$(LIBRARY_SEARCH_PATHS_QUOTED_FOR_TARGET_38)",
					"$(LIBRARY_SEARCH_PATHS_QUOTED_FOR_TARGET_39)",
					"$(LIBRARY_SEARCH_PATHS_QUOTED_FOR_TARGET_40)",
					"$(LIBRARY_SEARCH_PATHS_QUOTED_FOR_TARGET_41)",
					"$(LIBRARY_SEARCH_PATHS_QUOTED_FOR_TARGET_42)",
					"$(LIBRARY_SEARCH_PATHS_QUOTED_FOR_TARGET_43)",
					"$(LIBRARY_SEARCH_PATHS_QUOTED_FOR_TARGET_44)",
					"$(LIBRARY_SEARCH_PATHS_QUOTED_FOR_TARGET_45)",
					"$(LIBRARY_SEARCH_PATHS_QUOTED_FOR_TARGET_46)",
					"$(LIBRARY_SEARCH_PATHS_QUOTED_FOR_TARGET_47)",
					"$(LIBRARY_SEARCH_PATHS_QUOTED_FOR_TARGET_48)",
					"$(LIBRARY_SEARCH_PATHS_QUOTED_FOR_TARGET_49)",
					"$(LIBRARY_SEARCH_PATHS_QUOTED_FOR_TARGET_50)",
					"$(LIBRARY_SEARCH_PATHS_QUOTED_FOR_TARGET_51)",
					"$(LIBRARY_SEARCH_PATHS_QUOTED_FOR_TARGET_52)",
				);
				PREBINDING = NO;
				PRODUCT_NAME = "$(TARGET_NAME)Debug";
				WRAPPER_EXTENSION = app;
			};
			name = Debug;
		};
		E4B69B610A3A1757003C02F2 /* Release */ = {
			isa = XCBuildConfiguration;
			buildSettings = {
				COPY_PHASE_STRIP = YES;
				FRAMEWORK_SEARCH_PATHS = (
					"$(inherited)",
					"$(FRAMEWORK_SEARCH_PATHS_QUOTED_FOR_TARGET_1)",
				);
				FRAMEWORK_SEARCH_PATHS_QUOTED_FOR_TARGET_1 = "\"$(SRCROOT)/../../../libs/glut/lib/osx\"";
				GCC_ENABLE_FIX_AND_CONTINUE = NO;
				GCC_GENERATE_DEBUGGING_SYMBOLS = YES;
				GCC_MODEL_TUNING = NONE;
				GCC_PRECOMPILE_PREFIX_HEADER = YES;
				GCC_PREFIX_HEADER = "$(SYSTEM_LIBRARY_DIR)/Frameworks/Carbon.framework/Headers/Carbon.h";
				INFOPLIST_FILE = "openFrameworks-Info.plist";
				INSTALL_PATH = "$(HOME)/Applications";
				LIBRARY_SEARCH_PATHS = (
					"$(inherited)",
					"$(LIBRARY_SEARCH_PATHS_QUOTED_FOR_TARGET_1)",
					"$(LIBRARY_SEARCH_PATHS_QUOTED_FOR_TARGET_2)",
					"$(LIBRARY_SEARCH_PATHS_QUOTED_FOR_TARGET_3)",
					"$(LIBRARY_SEARCH_PATHS_QUOTED_FOR_TARGET_4)",
					"$(LIBRARY_SEARCH_PATHS_QUOTED_FOR_TARGET_5)",
					"$(LIBRARY_SEARCH_PATHS_QUOTED_FOR_TARGET_6)",
					"$(LIBRARY_SEARCH_PATHS_QUOTED_FOR_TARGET_7)",
					"$(LIBRARY_SEARCH_PATHS_QUOTED_FOR_TARGET_8)",
					"$(LIBRARY_SEARCH_PATHS_QUOTED_FOR_TARGET_9)",
					"$(LIBRARY_SEARCH_PATHS_QUOTED_FOR_TARGET_10)",
					"$(LIBRARY_SEARCH_PATHS_QUOTED_FOR_TARGET_11)",
					"$(LIBRARY_SEARCH_PATHS_QUOTED_FOR_TARGET_12)",
					"$(LIBRARY_SEARCH_PATHS_QUOTED_FOR_TARGET_13)",
					"$(LIBRARY_SEARCH_PATHS_QUOTED_FOR_TARGET_14)",
					"$(LIBRARY_SEARCH_PATHS_QUOTED_FOR_TARGET_15)",
					"$(LIBRARY_SEARCH_PATHS_QUOTED_FOR_TARGET_2)",
					"$(LIBRARY_SEARCH_PATHS_QUOTED_1)",
					"$(LIBRARY_SEARCH_PATHS_QUOTED_FOR_TARGET_3)",
					"$(LIBRARY_SEARCH_PATHS_QUOTED_FOR_TARGET_7)",
					"$(LIBRARY_SEARCH_PATHS_QUOTED_FOR_TARGET_8)",
					"$(LIBRARY_SEARCH_PATHS_QUOTED_FOR_TARGET_9)",
					"$(LIBRARY_SEARCH_PATHS_QUOTED_FOR_TARGET_10)",
					"$(LIBRARY_SEARCH_PATHS_QUOTED_FOR_TARGET_11)",
					"$(LIBRARY_SEARCH_PATHS_QUOTED_FOR_TARGET_12)",
					"$(LIBRARY_SEARCH_PATHS_QUOTED_FOR_TARGET_13)",
					"$(LIBRARY_SEARCH_PATHS_QUOTED_FOR_TARGET_16)",
					"$(LIBRARY_SEARCH_PATHS_QUOTED_FOR_TARGET_17)",
					"$(LIBRARY_SEARCH_PATHS_QUOTED_FOR_TARGET_18)",
					"$(LIBRARY_SEARCH_PATHS_QUOTED_FOR_TARGET_19)",
					"$(LIBRARY_SEARCH_PATHS_QUOTED_FOR_TARGET_20)",
					"$(LIBRARY_SEARCH_PATHS_QUOTED_FOR_TARGET_21)",
					"$(LIBRARY_SEARCH_PATHS_QUOTED_FOR_TARGET_22)",
					"$(LIBRARY_SEARCH_PATHS_QUOTED_FOR_TARGET_23)",
					"$(LIBRARY_SEARCH_PATHS_QUOTED_FOR_TARGET_24)",
					"$(LIBRARY_SEARCH_PATHS_QUOTED_FOR_TARGET_25)",
					"$(LIBRARY_SEARCH_PATHS_QUOTED_FOR_TARGET_26)",
					"$(LIBRARY_SEARCH_PATHS_QUOTED_FOR_TARGET_27)",
					"$(LIBRARY_SEARCH_PATHS_QUOTED_FOR_TARGET_28)",
					"$(LIBRARY_SEARCH_PATHS_QUOTED_FOR_TARGET_29)",
					"$(LIBRARY_SEARCH_PATHS_QUOTED_FOR_TARGET_30)",
					"$(LIBRARY_SEARCH_PATHS_QUOTED_FOR_TARGET_31)",
					"$(LIBRARY_SEARCH_PATHS_QUOTED_FOR_TARGET_32)",
					"$(LIBRARY_SEARCH_PATHS_QUOTED_FOR_TARGET_33)",
					"$(LIBRARY_SEARCH_PATHS_QUOTED_FOR_TARGET_34)",
					"$(LIBRARY_SEARCH_PATHS_QUOTED_FOR_TARGET_35)",
					"$(LIBRARY_SEARCH_PATHS_QUOTED_FOR_TARGET_36)",
					"$(LIBRARY_SEARCH_PATHS_QUOTED_FOR_TARGET_37)",
					"$(LIBRARY_SEARCH_PATHS_QUOTED_FOR_TARGET_38)",
					"$(LIBRARY_SEARCH_PATHS_QUOTED_FOR_TARGET_39)",
					"$(LIBRARY_SEARCH_PATHS_QUOTED_FOR_TARGET_40)",
					"$(LIBRARY_SEARCH_PATHS_QUOTED_FOR_TARGET_41)",
					"$(LIBRARY_SEARCH_PATHS_QUOTED_FOR_TARGET_42)",
					"$(LIBRARY_SEARCH_PATHS_QUOTED_FOR_TARGET_43)",
					"$(LIBRARY_SEARCH_PATHS_QUOTED_FOR_TARGET_44)",
					"$(LIBRARY_SEARCH_PATHS_QUOTED_FOR_TARGET_45)",
					"$(LIBRARY_SEARCH_PATHS_QUOTED_FOR_TARGET_46)",
					"$(LIBRARY_SEARCH_PATHS_QUOTED_FOR_TARGET_47)",
					"$(LIBRARY_SEARCH_PATHS_QUOTED_FOR_TARGET_48)",
					"$(LIBRARY_SEARCH_PATHS_QUOTED_FOR_TARGET_49)",
					"$(LIBRARY_SEARCH_PATHS_QUOTED_FOR_TARGET_50)",
					"$(LIBRARY_SEARCH_PATHS_QUOTED_FOR_TARGET_51)",
				);
				PREBINDING = NO;
				PRODUCT_NAME = "$(TARGET_NAME)";
				WRAPPER_EXTENSION = app;
			};
			name = Release;
		};
/* End XCBuildConfiguration section */

/* Begin XCConfigurationList section */
		E4B69B4D0A3A1720003C02F2 /* Build configuration list for PBXProject "ofxLibRocketExample" */ = {
			isa = XCConfigurationList;
			buildConfigurations = (
				E4B69B4E0A3A1720003C02F2 /* Debug */,
				E4B69B4F0A3A1720003C02F2 /* Release */,
			);
			defaultConfigurationIsVisible = 0;
			defaultConfigurationName = Release;
		};
		E4B69B5F0A3A1757003C02F2 /* Build configuration list for PBXNativeTarget "ofxLibRocketExample" */ = {
			isa = XCConfigurationList;
			buildConfigurations = (
				E4B69B600A3A1757003C02F2 /* Debug */,
				E4B69B610A3A1757003C02F2 /* Release */,
			);
			defaultConfigurationIsVisible = 0;
			defaultConfigurationName = Release;
		};
/* End XCConfigurationList section */
	};
	rootObject = E4B69B4C0A3A1720003C02F2 /* Project object */;
}
